
Microsoft Visual Studio Solution File, Format Version 12.00
# Visual Studio 15
VisualStudioVersion = 15.0.28010.2016
MinimumVisualStudioVersion = 10.0.40219.1
Project("{FAE04EC0-301F-11D3-BF4B-00C04F79EFBC}") = "VendasWebMVC", "src\VendasWebMVC\VendasWebMVC.csproj", "{D1EF6E2F-D8EA-4D39-A8C4-F14CFD64A344}"
EndProject
Global
	GlobalSection(SolutionConfigurationPlatforms) = preSolution
		Debug|Any CPU = Debug|Any CPU
		Release|Any CPU = Release|Any CPU
	EndGlobalSection
	GlobalSection(ProjectConfigurationPlatforms) = postSolution
		{D1EF6E2F-D8EA-4D39-A8C4-F14CFD64A344}.Debug|Any CPU.ActiveCfg = Debug|Any CPU
		{D1EF6E2F-D8EA-4D39-A8C4-F14CFD64A344}.Debug|Any CPU.Build.0 = Debug|Any CPU
		{D1EF6E2F-D8EA-4D39-A8C4-F14CFD64A344}.Release|Any CPU.ActiveCfg = Release|Any CPU
		{D1EF6E2F-D8EA-4D39-A8C4-F14CFD64A344}.Release|Any CPU.Build.0 = Release|Any CPU
	EndGlobalSection
	GlobalSection(SolutionProperties) = preSolution
		HideSolutionNode = FALSE
	EndGlobalSection
	GlobalSection(ExtensibilityGlobals) = postSolution
		SolutionGuid = {11054C14-D1A6-498C-AAB5-1B87F15364F5}
	EndGlobalSection
EndGlobal
